
Microsoft Visual Studio Solution File, Format Version 12.00
# Visual Studio Version 16
VisualStudioVersion = 16.0.29418.71
MinimumVisualStudioVersion = 10.0.40219.1
Project("{FAE04EC0-301F-11D3-BF4B-00C04F79EFBC}") = "View", "View\View.csproj", "{3D57400D-6067-46A4-8587-56CA165444A8}"
EndProject
Project("{FAE04EC0-301F-11D3-BF4B-00C04F79EFBC}") = "Control", "Control\Control.csproj", "{56EEC46D-8FCB-4D08-9405-A65482E8BE46}"
EndProject
Project("{FAE04EC0-301F-11D3-BF4B-00C04F79EFBC}") = "Model", "DataAccess\Model.csproj", "{66FEDB4B-0E7D-4CED-B074-C24480820F4B}"
EndProject
Project("{FAE04EC0-301F-11D3-BF4B-00C04F79EFBC}") = "Entidade", "Entidade\Entidade.csproj", "{1D5286AB-D0B0-4216-912A-9A02254F5682}"
EndProject
Global
	GlobalSection(SolutionConfigurationPlatforms) = preSolution
		Debug|Any CPU = Debug|Any CPU
		Release|Any CPU = Release|Any CPU
	EndGlobalSection
	GlobalSection(ProjectConfigurationPlatforms) = postSolution
		{3D57400D-6067-46A4-8587-56CA165444A8}.Debug|Any CPU.ActiveCfg = Debug|Any CPU
		{3D57400D-6067-46A4-8587-56CA165444A8}.Debug|Any CPU.Build.0 = Debug|Any CPU
		{3D57400D-6067-46A4-8587-56CA165444A8}.Release|Any CPU.ActiveCfg = Release|Any CPU
		{3D57400D-6067-46A4-8587-56CA165444A8}.Release|Any CPU.Build.0 = Release|Any CPU
		{56EEC46D-8FCB-4D08-9405-A65482E8BE46}.Debug|Any CPU.ActiveCfg = Debug|Any CPU
		{56EEC46D-8FCB-4D08-9405-A65482E8BE46}.Debug|Any CPU.Build.0 = Debug|Any CPU
		{56EEC46D-8FCB-4D08-9405-A65482E8BE46}.Release|Any CPU.ActiveCfg = Release|Any CPU
		{56EEC46D-8FCB-4D08-9405-A65482E8BE46}.Release|Any CPU.Build.0 = Release|Any CPU
		{66FEDB4B-0E7D-4CED-B074-C24480820F4B}.Debug|Any CPU.ActiveCfg = Debug|Any CPU
		{66FEDB4B-0E7D-4CED-B074-C24480820F4B}.Debug|Any CPU.Build.0 = Debug|Any CPU
		{66FEDB4B-0E7D-4CED-B074-C24480820F4B}.Release|Any CPU.ActiveCfg = Release|Any CPU
		{66FEDB4B-0E7D-4CED-B074-C24480820F4B}.Release|Any CPU.Build.0 = Release|Any CPU
		{1D5286AB-D0B0-4216-912A-9A02254F5682}.Debug|Any CPU.ActiveCfg = Debug|Any CPU
		{1D5286AB-D0B0-4216-912A-9A02254F5682}.Debug|Any CPU.Build.0 = Debug|Any CPU
		{1D5286AB-D0B0-4216-912A-9A02254F5682}.Release|Any CPU.ActiveCfg = Release|Any CPU
		{1D5286AB-D0B0-4216-912A-9A02254F5682}.Release|Any CPU.Build.0 = Release|Any CPU
	EndGlobalSection
	GlobalSection(SolutionProperties) = preSolution
		HideSolutionNode = FALSE
	EndGlobalSection
	GlobalSection(ExtensibilityGlobals) = postSolution
		SolutionGuid = {5A10FA8C-AF33-40E8-BE08-004469BD5904}
	EndGlobalSection
EndGlobal
